{
  "name": "askchatgpt",
  "version": "1.0.0",
  "lockfileVersion": 2,
  "requires": true,
  "packages": {
    "": {
      "name": "askchatgpt",
      "version": "1.0.0",
      "license": "ISC",
      "dependencies": {
        "eventsource-parser": "^0.0.5",
        "expiry-map": "^2.0.0",
        "uuid": "^9.0.0"
      }
    },
    "node_modules/eventsource-parser": {
      "version": "0.0.5",
      "resolved": "https://registry.npmjs.org/eventsource-parser/-/eventsource-parser-0.0.5.tgz",
      "integrity": "sha512-BAq82bC3ZW9fPYYZlofXBOAfbpmDzXIOsj+GOehQwgTUYsQZ6HtHs6zuRtge7Ph8OhS6lNH1kJF8q9dj17RcmA==",
      "engines": {
        "node": ">=12"
      }
    },
    "node_modules/expiry-map": {
      "version": "2.0.0",
      "resolved": "https://registry.npmjs.org/expiry-map/-/expiry-map-2.0.0.tgz",
      "integrity": "sha512-K1I5wJe2fiqjyUZf/xhxwTpaopw3F+19DsO7Oggl20+3SVTXDIevVRJav0aBMfposQdkl2E4+gnuOKd3j2X0sA==",
      "dependencies": {
        "map-age-cleaner": "^0.2.0"
      },
      "engines": {
        "node": ">=8"
      }
    },
    "node_modules/map-age-cleaner": {
      "version": "0.2.0",
      "resolved": "https://registry.npmjs.org/map-age-cleaner/-/map-age-cleaner-0.2.0.tgz",
      "integrity": "sha512-AvxTC6id0fzSf6OyNBTp1syyCuKO7nOJvHgYlhT0Qkkjvk40zZo+av3ayVgXlxnF/DxEzEfY9mMdd7FHsd+wKQ==",
      "dependencies": {
        "p-defer": "^1.0.0"
      },
      "engines": {
        "node": ">=7.6"
      }
    },
    "node_modules/p-defer": {
      "version": "1.0.0",
      "resolved": "https://registry.npmjs.org/p-defer/-/p-defer-1.0.0.tgz",
      "integrity": "sha512-wB3wfAxZpk2AzOfUMJNL+d36xothRSyj8EXOa4f6GMqYDN9BJaaSISbsk+wS9abmnebVw95C2Kb5t85UmpCxuw==",
      "engines": {
        "node": ">=4"
      }
    },
    "node_modules/uuid": {
      "version": "9.0.0",
      "resolved": "https://registry.npmjs.org/uuid/-/uuid-9.0.0.tgz",
      "integrity": "sha512-MXcSTerfPa4uqyzStbRoTgt5XIe3x5+42+q1sDuy3R5MDk66URdLMOZe5aPX/SQd+kuYAh0FdP/pO28IkQyTeg==",
      "bin": {
        "uuid": "dist/bin/uuid"
      }
    }
  },
  "dependencies": {
    "eventsource-parser": {
      "version": "0.0.5",
      "resolved": "https://registry.npmjs.org/eventsource-parser/-/eventsource-parser-0.0.5.tgz",
      "integrity": "sha512-BAq82bC3ZW9fPYYZlofXBOAfbpmDzXIOsj+GOehQwgTUYsQZ6HtHs6zuRtge7Ph8OhS6lNH1kJF8q9dj17RcmA=="
    },
    "expiry-map": {
      "version": "2.0.0",
      "resolved": "https://registry.npmjs.org/expiry-map/-/expiry-map-2.0.0.tgz",
      "integrity": "sha512-K1I5wJe2fiqjyUZf/xhxwTpaopw3F+19DsO7Oggl20+3SVTXDIevVRJav0aBMfposQdkl2E4+gnuOKd3j2X0sA==",
      "requires": {
        "map-age-cleaner": "^0.2.0"
      }
    },
    "map-age-cleaner": {
      "version": "0.2.0",
      "resolved": "https://registry.npmjs.org/map-age-cleaner/-/map-age-cleaner-0.2.0.tgz",
      "integrity": "sha512-AvxTC6id0fzSf6OyNBTp1syyCuKO7nOJvHgYlhT0Qkkjvk40zZo+av3ayVgXlxnF/DxEzEfY9mMdd7FHsd+wKQ==",
      "requires": {
        "p-defer": "^1.0.0"
      }
    },
    "p-defer": {
      "version": "1.0.0",
      "resolved": "https://registry.npmjs.org/p-defer/-/p-defer-1.0.0.tgz",
      "integrity": "sha512-wB3wfAxZpk2AzOfUMJNL+d36xothRSyj8EXOa4f6GMqYDN9BJaaSISbsk+wS9abmnebVw95C2Kb5t85UmpCxuw=="
    },
    "uuid": {
      "version": "9.0.0",
      "resolved": "https://registry.npmjs.org/uuid/-/uuid-9.0.0.tgz",
      "integrity": "sha512-MXcSTerfPa4uqyzStbRoTgt5XIe3x5+42+q1sDuy3R5MDk66URdLMOZe5aPX/SQd+kuYAh0FdP/pO28IkQyTeg=="
    }
  }
}
